{
  "requires": true,
  "lockfileVersion": 1,
  "dependencies": {
    "create-next-app": {
      "version": "10.0.4",
      "resolved": "https://registry.npmjs.org/create-next-app/-/create-next-app-10.0.4.tgz",
      "integrity": "sha512-OCqP2Iq+jV3ue/ccsD2gL7ponHK4E68MR2JKgwfMcIw3rcioMS5g3ewdBOAWurVY3JZinfZcUCXh2TpYHTRn4Q=="
    }
  }
}
